
Microsoft Visual Studio Solution File, Format Version 12.00
# Visual Studio Version 16
VisualStudioVersion = 16.0.29613.14
MinimumVisualStudioVersion = 10.0.40219.1
Project("{FAE04EC0-301F-11D3-BF4B-00C04F79EFBC}") = "SCL.Serialization.Example", "SCL.Serialization.Example.csproj", "{9432DEB7-1130-4133-B320-3E1105781506}"
EndProject
Global
	GlobalSection(SolutionConfigurationPlatforms) = preSolution
		Debug|Any CPU = Debug|Any CPU
		Release|Any CPU = Release|Any CPU
	EndGlobalSection
	GlobalSection(ProjectConfigurationPlatforms) = postSolution
		{9432DEB7-1130-4133-B320-3E1105781506}.Debug|Any CPU.ActiveCfg = Debug|Any CPU
		{9432DEB7-1130-4133-B320-3E1105781506}.Debug|Any CPU.Build.0 = Debug|Any CPU
		{9432DEB7-1130-4133-B320-3E1105781506}.Release|Any CPU.ActiveCfg = Release|Any CPU
		{9432DEB7-1130-4133-B320-3E1105781506}.Release|Any CPU.Build.0 = Release|Any CPU
	EndGlobalSection
	GlobalSection(SolutionProperties) = preSolution
		HideSolutionNode = FALSE
	EndGlobalSection
	GlobalSection(ExtensibilityGlobals) = postSolution
		SolutionGuid = {9ABA7934-679C-4722-B61F-C38A5881EA7F}
	EndGlobalSection
EndGlobal
